
Microsoft Visual Studio Solution File, Format Version 12.00
# Visual Studio 2012
Project("{FAE04EC0-301F-11D3-BF4B-00C04F79EFBC}") = "ConsoleApplication2", "ConsoleApplication2\ConsoleApplication2.csproj", "{EA2C48AA-942A-4FAD-A044-7FDF3094414D}"
EndProject
Global
	GlobalSection(SolutionConfigurationPlatforms) = preSolution
		Debug|Any CPU = Debug|Any CPU
		Release|Any CPU = Release|Any CPU
	EndGlobalSection
	GlobalSection(ProjectConfigurationPlatforms) = postSolution
		{EA2C48AA-942A-4FAD-A044-7FDF3094414D}.Debug|Any CPU.ActiveCfg = Debug|Any CPU
		{EA2C48AA-942A-4FAD-A044-7FDF3094414D}.Debug|Any CPU.Build.0 = Debug|Any CPU
		{EA2C48AA-942A-4FAD-A044-7FDF3094414D}.Release|Any CPU.ActiveCfg = Release|Any CPU
		{EA2C48AA-942A-4FAD-A044-7FDF3094414D}.Release|Any CPU.Build.0 = Release|Any CPU
	EndGlobalSection
	GlobalSection(SolutionProperties) = preSolution
		HideSolutionNode = FALSE
	EndGlobalSection
EndGlobal
